
Microsoft Visual Studio Solution File, Format Version 12.00
# Visual Studio Version 17
VisualStudioVersion = 17.0.32112.339
MinimumVisualStudioVersion = 10.0.40219.1
Project("{FAE04EC0-301F-11D3-BF4B-00C04F79EFBC}") = "MontanoP2", "MontanoP2\MontanoP2.csproj", "{EB293E28-3D4A-4925-A541-F10C66940699}"
EndProject
Global
	GlobalSection(SolutionConfigurationPlatforms) = preSolution
		Debug|Any CPU = Debug|Any CPU
		Release|Any CPU = Release|Any CPU
	EndGlobalSection
	GlobalSection(ProjectConfigurationPlatforms) = postSolution
		{EB293E28-3D4A-4925-A541-F10C66940699}.Debug|Any CPU.ActiveCfg = Debug|Any CPU
		{EB293E28-3D4A-4925-A541-F10C66940699}.Debug|Any CPU.Build.0 = Debug|Any CPU
		{EB293E28-3D4A-4925-A541-F10C66940699}.Release|Any CPU.ActiveCfg = Release|Any CPU
		{EB293E28-3D4A-4925-A541-F10C66940699}.Release|Any CPU.Build.0 = Release|Any CPU
	EndGlobalSection
	GlobalSection(SolutionProperties) = preSolution
		HideSolutionNode = FALSE
	EndGlobalSection
	GlobalSection(ExtensibilityGlobals) = postSolution
		SolutionGuid = {3F33BEB7-0D74-49A4-A992-971D95DDF187}
	EndGlobalSection
EndGlobal
